
Microsoft Visual Studio Solution File, Format Version 12.00
# Visual Studio Version 17
VisualStudioVersion = 17.5.33516.290
MinimumVisualStudioVersion = 10.0.40219.1
Project("{2150E333-8FDC-42A3-9474-1A3956D46DE8}") = "Client", "Client", "{52926C2F-B072-4047-8461-376822DF0CC2}"
EndProject
Project("{2150E333-8FDC-42A3-9474-1A3956D46DE8}") = "Solution Items", "Solution Items", "{D55DF189-CD5C-4B59-B386-40D690189B2A}"
	ProjectSection(SolutionItems) = preProject
		..\Packages.props = ..\Packages.props
	EndProjectSection
EndProject
Project("{2150E333-8FDC-42A3-9474-1A3956D46DE8}") = "Server", "Server", "{B3D0897F-C91D-41AF-BF53-C7C16F753340}"
EndProject
Project("{2150E333-8FDC-42A3-9474-1A3956D46DE8}") = "Common", "Common", "{4C1363F3-9D0B-4955-9B6F-76D3156C9D7B}"
EndProject
Project("{2150E333-8FDC-42A3-9474-1A3956D46DE8}") = "CommandQueue", "CommandQueue", "{F3E07849-F935-49E2-87F8-F1188712566B}"
EndProject
Project("{2150E333-8FDC-42A3-9474-1A3956D46DE8}") = "Tests", "Tests", "{D05C5ED6-8E5C-4EE6-88D9-3A4100F3CA03}"
EndProject
Project("{2150E333-8FDC-42A3-9474-1A3956D46DE8}") = "Frontdoor", "Frontdoor", "{73BFCFAE-50EF-44FC-9A6C-B14331A15A52}"
EndProject
Project("{2150E333-8FDC-42A3-9474-1A3956D46DE8}") = "CommonSetup", "CommonSetup", "{7C646AF2-F404-4C8C-89DF-A831F3546841}"
EndProject
Project("{2150E333-8FDC-42A3-9474-1A3956D46DE8}") = "SLL", "SLL", "{68845FDC-B80B-4CDC-BA83-5AB98C4B949E}"
EndProject
Project("{2150E333-8FDC-42A3-9474-1A3956D46DE8}") = "PdmsCache", "PdmsCache", "{DC92FD87-D7F8-4A34-9788-AC6AF3D67AC4}"
EndProject
Project("{2150E333-8FDC-42A3-9474-1A3956D46DE8}") = "PcfWorker", "PcfWorker", "{E032BEA8-9874-4488-BD20-B37CD9418283}"
EndProject
Project("{2150E333-8FDC-42A3-9474-1A3956D46DE8}") = "Libraries", "Libraries", "{F69633F0-A998-49D0-AA33-F952E328BB00}"
EndProject
Project("{2150E333-8FDC-42A3-9474-1A3956D46DE8}") = "PrivacyCommandValidator", "PrivacyCommandValidator", "{62D415B1-BED1-4F5A-9171-5E843645AB5B}"
EndProject
Project("{2150E333-8FDC-42A3-9474-1A3956D46DE8}") = "CommandLifecycle", "CommandLifecycle", "{D79B245C-F644-442F-B7BB-DBBB6EF78BA0}"
EndProject
Project("{2150E333-8FDC-42A3-9474-1A3956D46DE8}") = "CommandHistory", "CommandHistory", "{051578C4-9DE8-4DE7-A338-A2E698625F64}"
EndProject
Project("{2150E333-8FDC-42A3-9474-1A3956D46DE8}") = "BackgroundTasks", "BackgroundTasks", "{183D360B-A5E8-4808-8DC6-0CB43E11F004}"
EndProject
Project("{2150E333-8FDC-42A3-9474-1A3956D46DE8}") = "Deployment", "Deployment", "{06D4B13A-048B-4358-9751-76B0A1EFD1E8}"
	ProjectSection(SolutionItems) = preProject
		Deployment\CommandFeedServiceMap.ini = Deployment\CommandFeedServiceMap.ini
	EndProjectSection
EndProject
Project("{2150E333-8FDC-42A3-9474-1A3956D46DE8}") = "AuditLog", "AuditLog", "{EA55D26D-71A0-4C55-968D-E00299384497}"
EndProject
Project("{2150E333-8FDC-42A3-9474-1A3956D46DE8}") = "DataAgent", "DataAgent", "{D16A8315-2D52-43A1-8EEA-781F5F14075F}"
EndProject
Project("{2150E333-8FDC-42A3-9474-1A3956D46DE8}") = "CommandReplay", "CommandReplay", "{C575E656-27FD-456C-AAC2-DB377B530DEC}"
EndProject
Project("{2150E333-8FDC-42A3-9474-1A3956D46DE8}") = "QueueDepth", "QueueDepth", "{5BFA20A9-E783-45D7-AB74-DD43B0837393}"
EndProject
Project("{2150E333-8FDC-42A3-9474-1A3956D46DE8}") = "TelemetryLibrary", "TelemetryLibrary", "{7D700521-0764-444D-A70D-756E5FB11776}"
EndProject
Project("{2150E333-8FDC-42A3-9474-1A3956D46DE8}") = "WhatIfFilterAndRouteWorkItemHost", "WhatIfFilterAndRouteWorkItemHost", "{624060AB-39E0-47E2-85EE-99F017143EFA}"
EndProject
Project("{2150E333-8FDC-42A3-9474-1A3956D46DE8}") = "Build", "Build", "{0AA9F4D8-F1DE-43A4-8BCD-62344D6B2B84}"
	ProjectSection(SolutionItems) = preProject
		..\build.props = ..\build.props
		Build\common.targets = Build\common.targets
		..\core.build.props = ..\core.build.props
		Build\core.common.targets = Build\core.common.targets
	EndProjectSection
EndProject
Project("{2150E333-8FDC-42A3-9474-1A3956D46DE8}") = "Tools", "Tools", "{B5B42DDB-8165-476E-ABA1-E28F3C3704A8}"
	ProjectSection(SolutionItems) = preProject
		Tools\DebugScripts.ps1 = Tools\DebugScripts.ps1
		Tools\ProvisionDevMachine.ps1 = Tools\ProvisionDevMachine.ps1
		Tools\Request-AssetGroupQualifierReplayFromTsv.ps1 = Tools\Request-AssetGroupQualifierReplayFromTsv.ps1
		Tools\RunAllTestsWithCoverage.ps1 = Tools\RunAllTestsWithCoverage.ps1
	EndProjectSection
EndProject
Project("{2150E333-8FDC-42A3-9474-1A3956D46DE8}") = "CosmosDbAutoscaler", "CosmosDbAutoscaler", "{2CB21B3A-32D9-4053-B003-ED1B72808C3E}"
EndProject
Project("{2150E333-8FDC-42A3-9474-1A3956D46DE8}") = "Azure", "Azure", "{8EC6AAFF-2E8A-4044-BF30-292CAEF35BEA}"
EndProject
Project("{2150E333-8FDC-42A3-9474-1A3956D46DE8}") = "OneBranch", "OneBranch", "{C877FC49-31BA-4627-9D5E-1559164E51D5}"
EndProject
Project("{2150E333-8FDC-42A3-9474-1A3956D46DE8}") = "Build", "Build", "{51FAD9F2-93C1-41DD-9513-97A1108A3E5F}"
	ProjectSection(SolutionItems) = preProject
		..\OneBranch\Build\build.cmd = ..\OneBranch\Build\build.cmd
		..\OneBranch\Build\package.cmd = ..\OneBranch\Build\package.cmd
		..\OneBranch\Build\README.md = ..\OneBranch\Build\README.md
		..\OneBranch\Build\restore.cmd = ..\OneBranch\Build\restore.cmd
		..\OneBranch\Build\test.cmd = ..\OneBranch\Build\test.cmd
	EndProjectSection
EndProject
Project("{9A19103F-16F7-4668-BE54-9A1E7A4F7556}") = "CommandReplay", "Server\CommandReplay\CommandReplay.csproj", "{6CDFAC16-57B1-4B70-809E-5E33AE9C87D7}"
EndProject
Project("{9A19103F-16F7-4668-BE54-9A1E7A4F7556}") = "CommandQueue", "Server\CommandQueue\CommandQueue.csproj", "{38125928-2905-484D-83EE-3DAB698CB435}"
EndProject
Project("{9A19103F-16F7-4668-BE54-9A1E7A4F7556}") = "CommandLifecycleNotifications", "Server\CommandLifecycle\CommandLifecycleNotifications.csproj", "{18985805-DB54-409F-BAA9-27CA0DE77EC8}"
EndProject
Project("{9A19103F-16F7-4668-BE54-9A1E7A4F7556}") = "Common", "Server\Common\Common.csproj", "{35BDD702-A368-48FB-8889-3EE35EBC63F8}"
EndProject
Project("{9A19103F-16F7-4668-BE54-9A1E7A4F7556}") = "PrivacyCommandValidator", "Libraries\PrivacyCommandValidator\PrivacyCommandValidator.csproj", "{505B081E-C17B-491B-B04D-0BBF5E820A9A}"
EndProject
Project("{9A19103F-16F7-4668-BE54-9A1E7A4F7556}") = "BackgroundTasks", "Server\BackgroundTasks\BackgroundTasks.csproj", "{E35DB26B-0EA5-40F8-8755-03C7A3F8C3E8}"
EndProject
Project("{9A19103F-16F7-4668-BE54-9A1E7A4F7556}") = "AuditLog", "Server\AuditLog\AuditLog.csproj", "{A7B90F96-8CD1-4553-9A8E-5C938F351C3B}"
EndProject
Project("{9A19103F-16F7-4668-BE54-9A1E7A4F7556}") = "CommandHistory", "Server\CommandHistory\CommandHistory.csproj", "{F8FD0E99-4776-4352-A9A8-A7B0874507C1}"
EndProject
Project("{9A19103F-16F7-4668-BE54-9A1E7A4F7556}") = "CommonSetup", "Server\CertInstaller\CommonSetup.csproj", "{022E453F-2EFD-4767-8C01-C98E391CFC28}"
EndProject
Project("{9A19103F-16F7-4668-BE54-9A1E7A4F7556}") = "PcfAutoscaler", "Server\CosmosDbAutoscaler\PcfAutoscaler.csproj", "{30DC0809-1B18-465D-B9D3-3A580CD4424B}"
EndProject
Project("{9A19103F-16F7-4668-BE54-9A1E7A4F7556}") = "DataAgent", "Server\DataAgent\DataAgent.csproj", "{47E3A8C0-AA4D-49AB-B482-AB2855B8FA8B}"
EndProject
Project("{9A19103F-16F7-4668-BE54-9A1E7A4F7556}") = "PrivacyCommandProcessor", "Client\Source\PrivacyCommandProcessor.csproj", "{82C7144C-48D3-4610-8CA9-EC6E30D8703F}"
EndProject
Project("{9A19103F-16F7-4668-BE54-9A1E7A4F7556}") = "Instrumentation", "Server\SLL\Instrumentation.csproj", "{7929150C-1BF4-4CA3-B8F7-8583BD438AEA}"
EndProject
Project("{9A19103F-16F7-4668-BE54-9A1E7A4F7556}") = "PdmsCache", "Server\PdmsCache\PdmsCache.csproj", "{11D309D0-21C3-4A61-BFF8-081C7BB70AD2}"
EndProject
Project("{9A19103F-16F7-4668-BE54-9A1E7A4F7556}") = "TelemetryLibrary", "Server\TelemetryLibrary\TelemetryLibrary.csproj", "{55158179-03EC-4E22-8E71-32EF28C01918}"
EndProject
Project("{9A19103F-16F7-4668-BE54-9A1E7A4F7556}") = "PrivacyCommandProcessor.UnitTest", "Client\Tests\PrivacyCommandProcessor.UnitTest.csproj", "{CA1312C1-2685-4A4B-9789-7EFC8C3FC21C}"
EndProject
Project("{9A19103F-16F7-4668-BE54-9A1E7A4F7556}") = "QueueDepth", "Server\QueueDepth\QueueDepth.csproj", "{00627CF0-00DA-45A0-9964-9016CE337D5F}"
EndProject
Project("{9A19103F-16F7-4668-BE54-9A1E7A4F7556}") = "Frontdoor", "Server\Frontdoor\Frontdoor.csproj", "{21D7441D-A206-4CB5-86E9-E4D998A54C8F}"
EndProject
Project("{9A19103F-16F7-4668-BE54-9A1E7A4F7556}") = "PcfWorker", "Server\PcfWorker\PcfWorker.csproj", "{773E743B-91EE-4378-A9F4-E0B371912E80}"
EndProject
Project("{9A19103F-16F7-4668-BE54-9A1E7A4F7556}") = "WhatIfFilterAndRouteWorkItemHost", "Server\WhatIfFilterAndRouteWorkItemHost\WhatIfFilterAndRouteWorkItemHost.csproj", "{9CBA2984-DB24-4B21-B530-3D9967F2A2E9}"
EndProject
Project("{9A19103F-16F7-4668-BE54-9A1E7A4F7556}") = "TestCommon", "Server\Tests\Common\TestCommon.csproj", "{FFF33EAB-4341-4AFB-B486-EF5AF532A7B1}"
EndProject
Project("{9A19103F-16F7-4668-BE54-9A1E7A4F7556}") = "UnitTests", "Server\Tests\UnitTests\UnitTests.csproj", "{BB272B18-F506-4C44-96CE-896CFECC517D}"
EndProject
Project("{9A19103F-16F7-4668-BE54-9A1E7A4F7556}") = "FunctionalTests", "Server\Tests\FunctionalTests\FunctionalTests.csproj", "{2EE6188E-302B-43D4-9875-43AC12F2B3D2}"
EndProject
Project("{A07B5EB6-E848-4116-A8D0-A826331D98C6}") = "PcfFrontdoorApp", "Azure\PcfFrontdoorApp\PcfFrontdoorApp.sfproj", "{2FC90C5E-22C7-4D07-A6C0-8495B44F3705}"
	ProjectSection(ProjectDependencies) = postProject
		{022E453F-2EFD-4767-8C01-C98E391CFC28} = {022E453F-2EFD-4767-8C01-C98E391CFC28}
		{21D7441D-A206-4CB5-86E9-E4D998A54C8F} = {21D7441D-A206-4CB5-86E9-E4D998A54C8F}
	EndProjectSection
EndProject
Project("{A07B5EB6-E848-4116-A8D0-A826331D98C6}") = "PcfWorkerApp", "Azure\PcfWorkerApp\PcfWorkerApp.sfproj", "{5E48F100-C5AA-4F3C-8D40-F505941255FC}"
	ProjectSection(ProjectDependencies) = postProject
		{773E743B-91EE-4378-A9F4-E0B371912E80} = {773E743B-91EE-4378-A9F4-E0B371912E80}
	EndProjectSection
EndProject
Project("{9A19103F-16F7-4668-BE54-9A1E7A4F7556}") = "Common.Azure", "..\..\Common\Azure\Common.Azure.csproj", "{3B22D0B7-BCE8-40C5-9CF9-1E0C9B836F51}"
EndProject
Project("{9A19103F-16F7-4668-BE54-9A1E7A4F7556}") = "GenevaMonitoringAgentConsoleApp", "..\..\Common\GenevaMonitoringAgentConsoleApp\GenevaMonitoringAgentConsoleApp.csproj", "{E1910490-0CC4-4CB1-A2FF-019FB1314EAE}"
EndProject
Project("{A07B5EB6-E848-4116-A8D0-A826331D98C6}") = "QueueDepthApp", "Azure\QueueDepthApp\QueueDepthApp.sfproj", "{54D4EADB-A350-43C9-9E17-EA1981F5B2C5}"
	ProjectSection(ProjectDependencies) = postProject
		{00627CF0-00DA-45A0-9964-9016CE337D5F} = {00627CF0-00DA-45A0-9964-9016CE337D5F}
	EndProjectSection
EndProject
Project("{9A19103F-16F7-4668-BE54-9A1E7A4F7556}") = "WatchdogSvc", "..\..\Common\ServiceFabricWatchdog\WatchdogSvc.csproj", "{19A91DBD-A4B1-4395-A04E-2997FAEF1F2A}"
EndProject
Project("{A07B5EB6-E848-4116-A8D0-A826331D98C6}") = "PcfDataAgentApp", "Azure\PcfDataAgentApp\PcfDataAgentApp.sfproj", "{1C8FD077-DC98-425A-98AE-8D108B7D5E0C}"
	ProjectSection(ProjectDependencies) = postProject
		{35BDD702-A368-48FB-8889-3EE35EBC63F8} = {35BDD702-A368-48FB-8889-3EE35EBC63F8}
		{47E3A8C0-AA4D-49AB-B482-AB2855B8FA8B} = {47E3A8C0-AA4D-49AB-B482-AB2855B8FA8B}
	EndProjectSection
EndProject
Project("{A07B5EB6-E848-4116-A8D0-A826331D98C6}") = "PcfAutoscalerApp", "Azure\PcfAutoscalerApp\PcfAutoscalerApp.sfproj", "{5C7DEF69-985D-4E3B-A7AC-BE9281D909FB}"
	ProjectSection(ProjectDependencies) = postProject
		{30DC0809-1B18-465D-B9D3-3A580CD4424B} = {30DC0809-1B18-465D-B9D3-3A580CD4424B}
	EndProjectSection
EndProject
Project("{A07B5EB6-E848-4116-A8D0-A826331D98C6}") = "WhatIfFilterAndRouteWorkItemHostApp", "Azure\WhatIfFilterAndRouteWorkItemHostApp\WhatIfFilterAndRouteWorkItemHostApp.sfproj", "{A90E70E1-EB5B-4D35-B401-88EAD49A9C4A}"
	ProjectSection(ProjectDependencies) = postProject
		{9CBA2984-DB24-4B21-B530-3D9967F2A2E9} = {9CBA2984-DB24-4B21-B530-3D9967F2A2E9}
	EndProjectSection
EndProject
Project("{2150E333-8FDC-42A3-9474-1A3956D46DE8}") = ".Shared", ".Shared", "{8C34BD1C-E9A3-4FA8-BF48-A9757A42D709}"
EndProject
Project("{9A19103F-16F7-4668-BE54-9A1E7A4F7556}") = "ComplianceServicesCommon", "..\..\Common\ComplianceServicesCommon\ComplianceServicesCommon.csproj", "{FC81C201-8C66-40B7-8B9D-FB3C2217660A}"
EndProject
Project("{9A19103F-16F7-4668-BE54-9A1E7A4F7556}") = "ComplianceServicesCommon.UnitTests", "..\..\Common\ComplianceServicesCommon.UnitTests\ComplianceServicesCommon.UnitTests.csproj", "{5A43D990-F76D-4498-8D68-D88BB9035CF6}"
EndProject
Project("{2150E333-8FDC-42A3-9474-1A3956D46DE8}") = "PXS.Command.Contracts", "PXS.Command.Contracts", "{57EFBF44-69B4-4FFC-BA4A-DBF50DFD0B82}"
EndProject
Project("{9A19103F-16F7-4668-BE54-9A1E7A4F7556}") = "PXS.Command.Contracts", "..\..\PXS\Product\Contracts\PCFContracts\PXS.Command.Contracts.csproj", "{D5FBA63F-3499-4D5D-AE57-22EB8DBC25F3}"
EndProject
Project("{2150E333-8FDC-42A3-9474-1A3956D46DE8}") = "NonWindowsDeviceDeleteWorker", "NonWindowsDeviceDeleteWorker", "{F4852124-34EF-421E-8A6E-71DD99660E3C}"
EndProject
Project("{9A19103F-16F7-4668-BE54-9A1E7A4F7556}") = "NonWindowsDeviceDeleteWorker", "Server\NonWindowsDeviceDeleteWorker\NonWindowsDeviceDeleteWorker.csproj", "{31EDA17C-34B7-4795-8C7F-9FF0E7955371}"
EndProject
Project("{9A19103F-16F7-4668-BE54-9A1E7A4F7556}") = "StandingQueryExtensionManagerApp", "..\..\Common\StandingQueryExtensionManagerApp\StandingQueryExtensionManagerApp.csproj", "{15939FCE-5A6B-4516-8EE9-14A23C9FE4CF}"
EndProject
Project("{9A19103F-16F7-4668-BE54-9A1E7A4F7556}") = "Common.Cosmos", "..\..\Common\Cosmos\Common.Cosmos.csproj", "{8DD87B54-1B77-4479-956A-65CA7C8450CE}"
EndProject
Project("{9A19103F-16F7-4668-BE54-9A1E7A4F7556}") = "Cosmos.UnitTests", "..\..\Common\Cosmos.UnitTests\Cosmos.UnitTests.csproj", "{49A30D3B-321A-4891-9918-24AE52299DEC}"
EndProject
Project("{9A19103F-16F7-4668-BE54-9A1E7A4F7556}") = "PrivacyCommandCustomActivity", "Client\PrivacyCommandCustomActivity\PrivacyCommandCustomActivity.csproj", "{7604CF62-F7AF-4A48-AC0F-B573B83BEB1A}"
EndProject
Global
	GlobalSection(SolutionConfigurationPlatforms) = preSolution
		Debug|x64 = Debug|x64
		Release|x64 = Release|x64
	EndGlobalSection
	GlobalSection(ProjectConfigurationPlatforms) = postSolution
		{6CDFAC16-57B1-4B70-809E-5E33AE9C87D7}.Debug|x64.ActiveCfg = Debug|x64
		{6CDFAC16-57B1-4B70-809E-5E33AE9C87D7}.Debug|x64.Build.0 = Debug|x64
		{6CDFAC16-57B1-4B70-809E-5E33AE9C87D7}.Release|x64.ActiveCfg = Release|x64
		{6CDFAC16-57B1-4B70-809E-5E33AE9C87D7}.Release|x64.Build.0 = Release|x64
		{38125928-2905-484D-83EE-3DAB698CB435}.Debug|x64.ActiveCfg = Debug|x64
		{38125928-2905-484D-83EE-3DAB698CB435}.Debug|x64.Build.0 = Debug|x64
		{38125928-2905-484D-83EE-3DAB698CB435}.Release|x64.ActiveCfg = Release|x64
		{38125928-2905-484D-83EE-3DAB698CB435}.Release|x64.Build.0 = Release|x64
		{18985805-DB54-409F-BAA9-27CA0DE77EC8}.Debug|x64.ActiveCfg = Debug|x64
		{18985805-DB54-409F-BAA9-27CA0DE77EC8}.Debug|x64.Build.0 = Debug|x64
		{18985805-DB54-409F-BAA9-27CA0DE77EC8}.Release|x64.ActiveCfg = Release|x64
		{18985805-DB54-409F-BAA9-27CA0DE77EC8}.Release|x64.Build.0 = Release|x64
		{35BDD702-A368-48FB-8889-3EE35EBC63F8}.Debug|x64.ActiveCfg = Debug|x64
		{35BDD702-A368-48FB-8889-3EE35EBC63F8}.Debug|x64.Build.0 = Debug|x64
		{35BDD702-A368-48FB-8889-3EE35EBC63F8}.Release|x64.ActiveCfg = Release|x64
		{35BDD702-A368-48FB-8889-3EE35EBC63F8}.Release|x64.Build.0 = Release|x64
		{505B081E-C17B-491B-B04D-0BBF5E820A9A}.Debug|x64.ActiveCfg = Debug|x64
		{505B081E-C17B-491B-B04D-0BBF5E820A9A}.Debug|x64.Build.0 = Debug|x64
		{505B081E-C17B-491B-B04D-0BBF5E820A9A}.Release|x64.ActiveCfg = Release|x64
		{505B081E-C17B-491B-B04D-0BBF5E820A9A}.Release|x64.Build.0 = Release|x64
		{E35DB26B-0EA5-40F8-8755-03C7A3F8C3E8}.Debug|x64.ActiveCfg = Debug|x64
		{E35DB26B-0EA5-40F8-8755-03C7A3F8C3E8}.Debug|x64.Build.0 = Debug|x64
		{E35DB26B-0EA5-40F8-8755-03C7A3F8C3E8}.Release|x64.ActiveCfg = Release|x64
		{E35DB26B-0EA5-40F8-8755-03C7A3F8C3E8}.Release|x64.Build.0 = Release|x64
		{A7B90F96-8CD1-4553-9A8E-5C938F351C3B}.Debug|x64.ActiveCfg = Debug|x64
		{A7B90F96-8CD1-4553-9A8E-5C938F351C3B}.Debug|x64.Build.0 = Debug|x64
		{A7B90F96-8CD1-4553-9A8E-5C938F351C3B}.Release|x64.ActiveCfg = Release|x64
		{A7B90F96-8CD1-4553-9A8E-5C938F351C3B}.Release|x64.Build.0 = Release|x64
		{F8FD0E99-4776-4352-A9A8-A7B0874507C1}.Debug|x64.ActiveCfg = Debug|x64
		{F8FD0E99-4776-4352-A9A8-A7B0874507C1}.Debug|x64.Build.0 = Debug|x64
		{F8FD0E99-4776-4352-A9A8-A7B0874507C1}.Release|x64.ActiveCfg = Release|x64
		{F8FD0E99-4776-4352-A9A8-A7B0874507C1}.Release|x64.Build.0 = Release|x64
		{022E453F-2EFD-4767-8C01-C98E391CFC28}.Debug|x64.ActiveCfg = Debug|x64
		{022E453F-2EFD-4767-8C01-C98E391CFC28}.Debug|x64.Build.0 = Debug|x64
		{022E453F-2EFD-4767-8C01-C98E391CFC28}.Release|x64.ActiveCfg = Release|x64
		{022E453F-2EFD-4767-8C01-C98E391CFC28}.Release|x64.Build.0 = Release|x64
		{30DC0809-1B18-465D-B9D3-3A580CD4424B}.Debug|x64.ActiveCfg = Debug|x64
		{30DC0809-1B18-465D-B9D3-3A580CD4424B}.Debug|x64.Build.0 = Debug|x64
		{30DC0809-1B18-465D-B9D3-3A580CD4424B}.Release|x64.ActiveCfg = Release|x64
		{30DC0809-1B18-465D-B9D3-3A580CD4424B}.Release|x64.Build.0 = Release|x64
		{47E3A8C0-AA4D-49AB-B482-AB2855B8FA8B}.Debug|x64.ActiveCfg = Debug|x64
		{47E3A8C0-AA4D-49AB-B482-AB2855B8FA8B}.Debug|x64.Build.0 = Debug|x64
		{47E3A8C0-AA4D-49AB-B482-AB2855B8FA8B}.Release|x64.ActiveCfg = Release|x64
		{47E3A8C0-AA4D-49AB-B482-AB2855B8FA8B}.Release|x64.Build.0 = Release|x64
		{82C7144C-48D3-4610-8CA9-EC6E30D8703F}.Debug|x64.ActiveCfg = Debug|x64
		{82C7144C-48D3-4610-8CA9-EC6E30D8703F}.Debug|x64.Build.0 = Debug|x64
		{82C7144C-48D3-4610-8CA9-EC6E30D8703F}.Release|x64.ActiveCfg = Release|x64
		{82C7144C-48D3-4610-8CA9-EC6E30D8703F}.Release|x64.Build.0 = Release|x64
		{7929150C-1BF4-4CA3-B8F7-8583BD438AEA}.Debug|x64.ActiveCfg = Debug|x64
		{7929150C-1BF4-4CA3-B8F7-8583BD438AEA}.Debug|x64.Build.0 = Debug|x64
		{7929150C-1BF4-4CA3-B8F7-8583BD438AEA}.Release|x64.ActiveCfg = Release|x64
		{7929150C-1BF4-4CA3-B8F7-8583BD438AEA}.Release|x64.Build.0 = Release|x64
		{11D309D0-21C3-4A61-BFF8-081C7BB70AD2}.Debug|x64.ActiveCfg = Debug|x64
		{11D309D0-21C3-4A61-BFF8-081C7BB70AD2}.Debug|x64.Build.0 = Debug|x64
		{11D309D0-21C3-4A61-BFF8-081C7BB70AD2}.Release|x64.ActiveCfg = Release|x64
		{11D309D0-21C3-4A61-BFF8-081C7BB70AD2}.Release|x64.Build.0 = Release|x64
		{55158179-03EC-4E22-8E71-32EF28C01918}.Debug|x64.ActiveCfg = Debug|x64
		{55158179-03EC-4E22-8E71-32EF28C01918}.Debug|x64.Build.0 = Debug|x64
		{55158179-03EC-4E22-8E71-32EF28C01918}.Release|x64.ActiveCfg = Release|x64
		{55158179-03EC-4E22-8E71-32EF28C01918}.Release|x64.Build.0 = Release|x64
		{CA1312C1-2685-4A4B-9789-7EFC8C3FC21C}.Debug|x64.ActiveCfg = Debug|x64
		{CA1312C1-2685-4A4B-9789-7EFC8C3FC21C}.Debug|x64.Build.0 = Debug|x64
		{CA1312C1-2685-4A4B-9789-7EFC8C3FC21C}.Release|x64.ActiveCfg = Release|x64
		{CA1312C1-2685-4A4B-9789-7EFC8C3FC21C}.Release|x64.Build.0 = Release|x64
		{00627CF0-00DA-45A0-9964-9016CE337D5F}.Debug|x64.ActiveCfg = Debug|x64
		{00627CF0-00DA-45A0-9964-9016CE337D5F}.Debug|x64.Build.0 = Debug|x64
		{00627CF0-00DA-45A0-9964-9016CE337D5F}.Release|x64.ActiveCfg = Release|x64
		{00627CF0-00DA-45A0-9964-9016CE337D5F}.Release|x64.Build.0 = Release|x64
		{21D7441D-A206-4CB5-86E9-E4D998A54C8F}.Debug|x64.ActiveCfg = Debug|x64
		{21D7441D-A206-4CB5-86E9-E4D998A54C8F}.Debug|x64.Build.0 = Debug|x64
		{21D7441D-A206-4CB5-86E9-E4D998A54C8F}.Release|x64.ActiveCfg = Release|x64
		{21D7441D-A206-4CB5-86E9-E4D998A54C8F}.Release|x64.Build.0 = Release|x64
		{773E743B-91EE-4378-A9F4-E0B371912E80}.Debug|x64.ActiveCfg = Debug|x64
		{773E743B-91EE-4378-A9F4-E0B371912E80}.Debug|x64.Build.0 = Debug|x64
		{773E743B-91EE-4378-A9F4-E0B371912E80}.Release|x64.ActiveCfg = Release|x64
		{773E743B-91EE-4378-A9F4-E0B371912E80}.Release|x64.Build.0 = Release|x64
		{9CBA2984-DB24-4B21-B530-3D9967F2A2E9}.Debug|x64.ActiveCfg = Debug|x64
		{9CBA2984-DB24-4B21-B530-3D9967F2A2E9}.Debug|x64.Build.0 = Debug|x64
		{9CBA2984-DB24-4B21-B530-3D9967F2A2E9}.Release|x64.ActiveCfg = Release|x64
		{9CBA2984-DB24-4B21-B530-3D9967F2A2E9}.Release|x64.Build.0 = Release|x64
		{FFF33EAB-4341-4AFB-B486-EF5AF532A7B1}.Debug|x64.ActiveCfg = Debug|x64
		{FFF33EAB-4341-4AFB-B486-EF5AF532A7B1}.Debug|x64.Build.0 = Debug|x64
		{FFF33EAB-4341-4AFB-B486-EF5AF532A7B1}.Release|x64.ActiveCfg = Release|x64
		{FFF33EAB-4341-4AFB-B486-EF5AF532A7B1}.Release|x64.Build.0 = Release|x64
		{BB272B18-F506-4C44-96CE-896CFECC517D}.Debug|x64.ActiveCfg = Debug|x64
		{BB272B18-F506-4C44-96CE-896CFECC517D}.Debug|x64.Build.0 = Debug|x64
		{BB272B18-F506-4C44-96CE-896CFECC517D}.Release|x64.ActiveCfg = Release|x64
		{BB272B18-F506-4C44-96CE-896CFECC517D}.Release|x64.Build.0 = Release|x64
		{2EE6188E-302B-43D4-9875-43AC12F2B3D2}.Debug|x64.ActiveCfg = Debug|x64
		{2EE6188E-302B-43D4-9875-43AC12F2B3D2}.Debug|x64.Build.0 = Debug|x64
		{2EE6188E-302B-43D4-9875-43AC12F2B3D2}.Release|x64.ActiveCfg = Release|x64
		{2EE6188E-302B-43D4-9875-43AC12F2B3D2}.Release|x64.Build.0 = Release|x64
		{2FC90C5E-22C7-4D07-A6C0-8495B44F3705}.Debug|x64.ActiveCfg = Debug|x64
		{2FC90C5E-22C7-4D07-A6C0-8495B44F3705}.Debug|x64.Build.0 = Debug|x64
		{2FC90C5E-22C7-4D07-A6C0-8495B44F3705}.Debug|x64.Deploy.0 = Debug|x64
		{2FC90C5E-22C7-4D07-A6C0-8495B44F3705}.Release|x64.ActiveCfg = Release|x64
		{2FC90C5E-22C7-4D07-A6C0-8495B44F3705}.Release|x64.Build.0 = Release|x64
		{2FC90C5E-22C7-4D07-A6C0-8495B44F3705}.Release|x64.Deploy.0 = Release|x64
		{5E48F100-C5AA-4F3C-8D40-F505941255FC}.Debug|x64.ActiveCfg = Debug|x64
		{5E48F100-C5AA-4F3C-8D40-F505941255FC}.Debug|x64.Build.0 = Debug|x64
		{5E48F100-C5AA-4F3C-8D40-F505941255FC}.Debug|x64.Deploy.0 = Debug|x64
		{5E48F100-C5AA-4F3C-8D40-F505941255FC}.Release|x64.ActiveCfg = Release|x64
		{5E48F100-C5AA-4F3C-8D40-F505941255FC}.Release|x64.Build.0 = Release|x64
		{5E48F100-C5AA-4F3C-8D40-F505941255FC}.Release|x64.Deploy.0 = Release|x64
		{3B22D0B7-BCE8-40C5-9CF9-1E0C9B836F51}.Debug|x64.ActiveCfg = Debug|x64
		{3B22D0B7-BCE8-40C5-9CF9-1E0C9B836F51}.Debug|x64.Build.0 = Debug|x64
		{3B22D0B7-BCE8-40C5-9CF9-1E0C9B836F51}.Release|x64.ActiveCfg = Release|x64
		{3B22D0B7-BCE8-40C5-9CF9-1E0C9B836F51}.Release|x64.Build.0 = Release|x64
		{E1910490-0CC4-4CB1-A2FF-019FB1314EAE}.Debug|x64.ActiveCfg = Debug|x64
		{E1910490-0CC4-4CB1-A2FF-019FB1314EAE}.Debug|x64.Build.0 = Debug|x64
		{E1910490-0CC4-4CB1-A2FF-019FB1314EAE}.Release|x64.ActiveCfg = Release|x64
		{E1910490-0CC4-4CB1-A2FF-019FB1314EAE}.Release|x64.Build.0 = Release|x64
		{54D4EADB-A350-43C9-9E17-EA1981F5B2C5}.Debug|x64.ActiveCfg = Debug|x64
		{54D4EADB-A350-43C9-9E17-EA1981F5B2C5}.Debug|x64.Build.0 = Debug|x64
		{54D4EADB-A350-43C9-9E17-EA1981F5B2C5}.Debug|x64.Deploy.0 = Debug|x64
		{54D4EADB-A350-43C9-9E17-EA1981F5B2C5}.Release|x64.ActiveCfg = Release|x64
		{54D4EADB-A350-43C9-9E17-EA1981F5B2C5}.Release|x64.Build.0 = Release|x64
		{54D4EADB-A350-43C9-9E17-EA1981F5B2C5}.Release|x64.Deploy.0 = Release|x64
		{19A91DBD-A4B1-4395-A04E-2997FAEF1F2A}.Debug|x64.ActiveCfg = Debug|x64
		{19A91DBD-A4B1-4395-A04E-2997FAEF1F2A}.Debug|x64.Build.0 = Debug|x64
		{19A91DBD-A4B1-4395-A04E-2997FAEF1F2A}.Release|x64.ActiveCfg = Release|x64
		{19A91DBD-A4B1-4395-A04E-2997FAEF1F2A}.Release|x64.Build.0 = Release|x64
		{1C8FD077-DC98-425A-98AE-8D108B7D5E0C}.Debug|x64.ActiveCfg = Debug|x64
		{1C8FD077-DC98-425A-98AE-8D108B7D5E0C}.Debug|x64.Build.0 = Debug|x64
		{1C8FD077-DC98-425A-98AE-8D108B7D5E0C}.Debug|x64.Deploy.0 = Debug|x64
		{1C8FD077-DC98-425A-98AE-8D108B7D5E0C}.Release|x64.ActiveCfg = Release|x64
		{1C8FD077-DC98-425A-98AE-8D108B7D5E0C}.Release|x64.Build.0 = Release|x64
		{1C8FD077-DC98-425A-98AE-8D108B7D5E0C}.Release|x64.Deploy.0 = Release|x64
		{5C7DEF69-985D-4E3B-A7AC-BE9281D909FB}.Debug|x64.ActiveCfg = Debug|x64
		{5C7DEF69-985D-4E3B-A7AC-BE9281D909FB}.Debug|x64.Build.0 = Debug|x64
		{5C7DEF69-985D-4E3B-A7AC-BE9281D909FB}.Debug|x64.Deploy.0 = Debug|x64
		{5C7DEF69-985D-4E3B-A7AC-BE9281D909FB}.Release|x64.ActiveCfg = Release|x64
		{5C7DEF69-985D-4E3B-A7AC-BE9281D909FB}.Release|x64.Build.0 = Release|x64
		{5C7DEF69-985D-4E3B-A7AC-BE9281D909FB}.Release|x64.Deploy.0 = Release|x64
		{A90E70E1-EB5B-4D35-B401-88EAD49A9C4A}.Debug|x64.ActiveCfg = Debug|x64
		{A90E70E1-EB5B-4D35-B401-88EAD49A9C4A}.Debug|x64.Build.0 = Debug|x64
		{A90E70E1-EB5B-4D35-B401-88EAD49A9C4A}.Debug|x64.Deploy.0 = Debug|x64
		{A90E70E1-EB5B-4D35-B401-88EAD49A9C4A}.Release|x64.ActiveCfg = Release|x64
		{A90E70E1-EB5B-4D35-B401-88EAD49A9C4A}.Release|x64.Build.0 = Release|x64
		{A90E70E1-EB5B-4D35-B401-88EAD49A9C4A}.Release|x64.Deploy.0 = Release|x64
		{FC81C201-8C66-40B7-8B9D-FB3C2217660A}.Debug|x64.ActiveCfg = Debug|x64
		{FC81C201-8C66-40B7-8B9D-FB3C2217660A}.Debug|x64.Build.0 = Debug|x64
		{FC81C201-8C66-40B7-8B9D-FB3C2217660A}.Release|x64.ActiveCfg = Release|x64
		{FC81C201-8C66-40B7-8B9D-FB3C2217660A}.Release|x64.Build.0 = Release|x64
		{5A43D990-F76D-4498-8D68-D88BB9035CF6}.Debug|x64.ActiveCfg = Debug|x64
		{5A43D990-F76D-4498-8D68-D88BB9035CF6}.Debug|x64.Build.0 = Debug|x64
		{5A43D990-F76D-4498-8D68-D88BB9035CF6}.Release|x64.ActiveCfg = Release|x64
		{5A43D990-F76D-4498-8D68-D88BB9035CF6}.Release|x64.Build.0 = Release|x64
		{D5FBA63F-3499-4D5D-AE57-22EB8DBC25F3}.Debug|x64.ActiveCfg = Debug|x64
		{D5FBA63F-3499-4D5D-AE57-22EB8DBC25F3}.Debug|x64.Build.0 = Debug|x64
		{D5FBA63F-3499-4D5D-AE57-22EB8DBC25F3}.Release|x64.ActiveCfg = Release|x64
		{D5FBA63F-3499-4D5D-AE57-22EB8DBC25F3}.Release|x64.Build.0 = Release|x64
		{31EDA17C-34B7-4795-8C7F-9FF0E7955371}.Debug|x64.ActiveCfg = Debug|x64
		{31EDA17C-34B7-4795-8C7F-9FF0E7955371}.Debug|x64.Build.0 = Debug|x64
		{31EDA17C-34B7-4795-8C7F-9FF0E7955371}.Release|x64.ActiveCfg = Release|x64
		{31EDA17C-34B7-4795-8C7F-9FF0E7955371}.Release|x64.Build.0 = Release|x64
		{15939FCE-5A6B-4516-8EE9-14A23C9FE4CF}.Debug|x64.ActiveCfg = Debug|x64
		{15939FCE-5A6B-4516-8EE9-14A23C9FE4CF}.Debug|x64.Build.0 = Debug|x64
		{15939FCE-5A6B-4516-8EE9-14A23C9FE4CF}.Release|x64.ActiveCfg = Release|x64
		{15939FCE-5A6B-4516-8EE9-14A23C9FE4CF}.Release|x64.Build.0 = Release|x64
		{8DD87B54-1B77-4479-956A-65CA7C8450CE}.Debug|x64.ActiveCfg = Debug|x64
		{8DD87B54-1B77-4479-956A-65CA7C8450CE}.Debug|x64.Build.0 = Debug|x64
		{8DD87B54-1B77-4479-956A-65CA7C8450CE}.Release|x64.ActiveCfg = Release|x64
		{8DD87B54-1B77-4479-956A-65CA7C8450CE}.Release|x64.Build.0 = Release|x64
		{49A30D3B-321A-4891-9918-24AE52299DEC}.Debug|x64.ActiveCfg = Debug|x64
		{49A30D3B-321A-4891-9918-24AE52299DEC}.Debug|x64.Build.0 = Debug|x64
		{49A30D3B-321A-4891-9918-24AE52299DEC}.Release|x64.ActiveCfg = Release|x64
		{49A30D3B-321A-4891-9918-24AE52299DEC}.Release|x64.Build.0 = Release|x64
		{7604CF62-F7AF-4A48-AC0F-B573B83BEB1A}.Debug|x64.ActiveCfg = Debug|Any CPU
		{7604CF62-F7AF-4A48-AC0F-B573B83BEB1A}.Debug|x64.Build.0 = Debug|Any CPU
		{7604CF62-F7AF-4A48-AC0F-B573B83BEB1A}.Release|x64.ActiveCfg = Release|Any CPU
		{7604CF62-F7AF-4A48-AC0F-B573B83BEB1A}.Release|x64.Build.0 = Release|Any CPU
	EndGlobalSection
	GlobalSection(SolutionProperties) = preSolution
		HideSolutionNode = FALSE
	EndGlobalSection
	GlobalSection(NestedProjects) = preSolution
		{4C1363F3-9D0B-4955-9B6F-76D3156C9D7B} = {B3D0897F-C91D-41AF-BF53-C7C16F753340}
		{F3E07849-F935-49E2-87F8-F1188712566B} = {B3D0897F-C91D-41AF-BF53-C7C16F753340}
		{D05C5ED6-8E5C-4EE6-88D9-3A4100F3CA03} = {B3D0897F-C91D-41AF-BF53-C7C16F753340}
		{73BFCFAE-50EF-44FC-9A6C-B14331A15A52} = {B3D0897F-C91D-41AF-BF53-C7C16F753340}
		{7C646AF2-F404-4C8C-89DF-A831F3546841} = {B3D0897F-C91D-41AF-BF53-C7C16F753340}
		{68845FDC-B80B-4CDC-BA83-5AB98C4B949E} = {B3D0897F-C91D-41AF-BF53-C7C16F753340}
		{DC92FD87-D7F8-4A34-9788-AC6AF3D67AC4} = {B3D0897F-C91D-41AF-BF53-C7C16F753340}
		{E032BEA8-9874-4488-BD20-B37CD9418283} = {B3D0897F-C91D-41AF-BF53-C7C16F753340}
		{62D415B1-BED1-4F5A-9171-5E843645AB5B} = {F69633F0-A998-49D0-AA33-F952E328BB00}
		{D79B245C-F644-442F-B7BB-DBBB6EF78BA0} = {B3D0897F-C91D-41AF-BF53-C7C16F753340}
		{051578C4-9DE8-4DE7-A338-A2E698625F64} = {B3D0897F-C91D-41AF-BF53-C7C16F753340}
		{183D360B-A5E8-4808-8DC6-0CB43E11F004} = {B3D0897F-C91D-41AF-BF53-C7C16F753340}
		{06D4B13A-048B-4358-9751-76B0A1EFD1E8} = {D55DF189-CD5C-4B59-B386-40D690189B2A}
		{EA55D26D-71A0-4C55-968D-E00299384497} = {B3D0897F-C91D-41AF-BF53-C7C16F753340}
		{D16A8315-2D52-43A1-8EEA-781F5F14075F} = {B3D0897F-C91D-41AF-BF53-C7C16F753340}
		{C575E656-27FD-456C-AAC2-DB377B530DEC} = {B3D0897F-C91D-41AF-BF53-C7C16F753340}
		{5BFA20A9-E783-45D7-AB74-DD43B0837393} = {B3D0897F-C91D-41AF-BF53-C7C16F753340}
		{7D700521-0764-444D-A70D-756E5FB11776} = {B3D0897F-C91D-41AF-BF53-C7C16F753340}
		{624060AB-39E0-47E2-85EE-99F017143EFA} = {B3D0897F-C91D-41AF-BF53-C7C16F753340}
		{0AA9F4D8-F1DE-43A4-8BCD-62344D6B2B84} = {D55DF189-CD5C-4B59-B386-40D690189B2A}
		{2CB21B3A-32D9-4053-B003-ED1B72808C3E} = {B3D0897F-C91D-41AF-BF53-C7C16F753340}
		{51FAD9F2-93C1-41DD-9513-97A1108A3E5F} = {C877FC49-31BA-4627-9D5E-1559164E51D5}
		{6CDFAC16-57B1-4B70-809E-5E33AE9C87D7} = {C575E656-27FD-456C-AAC2-DB377B530DEC}
		{38125928-2905-484D-83EE-3DAB698CB435} = {F3E07849-F935-49E2-87F8-F1188712566B}
		{18985805-DB54-409F-BAA9-27CA0DE77EC8} = {D79B245C-F644-442F-B7BB-DBBB6EF78BA0}
		{35BDD702-A368-48FB-8889-3EE35EBC63F8} = {4C1363F3-9D0B-4955-9B6F-76D3156C9D7B}
		{505B081E-C17B-491B-B04D-0BBF5E820A9A} = {62D415B1-BED1-4F5A-9171-5E843645AB5B}
		{E35DB26B-0EA5-40F8-8755-03C7A3F8C3E8} = {183D360B-A5E8-4808-8DC6-0CB43E11F004}
		{A7B90F96-8CD1-4553-9A8E-5C938F351C3B} = {EA55D26D-71A0-4C55-968D-E00299384497}
		{F8FD0E99-4776-4352-A9A8-A7B0874507C1} = {051578C4-9DE8-4DE7-A338-A2E698625F64}
		{022E453F-2EFD-4767-8C01-C98E391CFC28} = {7C646AF2-F404-4C8C-89DF-A831F3546841}
		{30DC0809-1B18-465D-B9D3-3A580CD4424B} = {2CB21B3A-32D9-4053-B003-ED1B72808C3E}
		{47E3A8C0-AA4D-49AB-B482-AB2855B8FA8B} = {D16A8315-2D52-43A1-8EEA-781F5F14075F}
		{82C7144C-48D3-4610-8CA9-EC6E30D8703F} = {52926C2F-B072-4047-8461-376822DF0CC2}
		{7929150C-1BF4-4CA3-B8F7-8583BD438AEA} = {68845FDC-B80B-4CDC-BA83-5AB98C4B949E}
		{11D309D0-21C3-4A61-BFF8-081C7BB70AD2} = {DC92FD87-D7F8-4A34-9788-AC6AF3D67AC4}
		{55158179-03EC-4E22-8E71-32EF28C01918} = {7D700521-0764-444D-A70D-756E5FB11776}
		{CA1312C1-2685-4A4B-9789-7EFC8C3FC21C} = {52926C2F-B072-4047-8461-376822DF0CC2}
		{00627CF0-00DA-45A0-9964-9016CE337D5F} = {5BFA20A9-E783-45D7-AB74-DD43B0837393}
		{21D7441D-A206-4CB5-86E9-E4D998A54C8F} = {73BFCFAE-50EF-44FC-9A6C-B14331A15A52}
		{773E743B-91EE-4378-A9F4-E0B371912E80} = {E032BEA8-9874-4488-BD20-B37CD9418283}
		{9CBA2984-DB24-4B21-B530-3D9967F2A2E9} = {624060AB-39E0-47E2-85EE-99F017143EFA}
		{FFF33EAB-4341-4AFB-B486-EF5AF532A7B1} = {D05C5ED6-8E5C-4EE6-88D9-3A4100F3CA03}
		{BB272B18-F506-4C44-96CE-896CFECC517D} = {D05C5ED6-8E5C-4EE6-88D9-3A4100F3CA03}
		{2EE6188E-302B-43D4-9875-43AC12F2B3D2} = {D05C5ED6-8E5C-4EE6-88D9-3A4100F3CA03}
		{2FC90C5E-22C7-4D07-A6C0-8495B44F3705} = {8EC6AAFF-2E8A-4044-BF30-292CAEF35BEA}
		{5E48F100-C5AA-4F3C-8D40-F505941255FC} = {8EC6AAFF-2E8A-4044-BF30-292CAEF35BEA}
		{3B22D0B7-BCE8-40C5-9CF9-1E0C9B836F51} = {8C34BD1C-E9A3-4FA8-BF48-A9757A42D709}
		{E1910490-0CC4-4CB1-A2FF-019FB1314EAE} = {8C34BD1C-E9A3-4FA8-BF48-A9757A42D709}
		{54D4EADB-A350-43C9-9E17-EA1981F5B2C5} = {8EC6AAFF-2E8A-4044-BF30-292CAEF35BEA}
		{19A91DBD-A4B1-4395-A04E-2997FAEF1F2A} = {8C34BD1C-E9A3-4FA8-BF48-A9757A42D709}
		{1C8FD077-DC98-425A-98AE-8D108B7D5E0C} = {8EC6AAFF-2E8A-4044-BF30-292CAEF35BEA}
		{5C7DEF69-985D-4E3B-A7AC-BE9281D909FB} = {8EC6AAFF-2E8A-4044-BF30-292CAEF35BEA}
		{A90E70E1-EB5B-4D35-B401-88EAD49A9C4A} = {8EC6AAFF-2E8A-4044-BF30-292CAEF35BEA}
		{FC81C201-8C66-40B7-8B9D-FB3C2217660A} = {8C34BD1C-E9A3-4FA8-BF48-A9757A42D709}
		{5A43D990-F76D-4498-8D68-D88BB9035CF6} = {8C34BD1C-E9A3-4FA8-BF48-A9757A42D709}
		{57EFBF44-69B4-4FFC-BA4A-DBF50DFD0B82} = {F69633F0-A998-49D0-AA33-F952E328BB00}
		{D5FBA63F-3499-4D5D-AE57-22EB8DBC25F3} = {57EFBF44-69B4-4FFC-BA4A-DBF50DFD0B82}
		{F4852124-34EF-421E-8A6E-71DD99660E3C} = {B3D0897F-C91D-41AF-BF53-C7C16F753340}
		{31EDA17C-34B7-4795-8C7F-9FF0E7955371} = {F4852124-34EF-421E-8A6E-71DD99660E3C}
		{15939FCE-5A6B-4516-8EE9-14A23C9FE4CF} = {8C34BD1C-E9A3-4FA8-BF48-A9757A42D709}
		{8DD87B54-1B77-4479-956A-65CA7C8450CE} = {8C34BD1C-E9A3-4FA8-BF48-A9757A42D709}
		{49A30D3B-321A-4891-9918-24AE52299DEC} = {8C34BD1C-E9A3-4FA8-BF48-A9757A42D709}
		{7604CF62-F7AF-4A48-AC0F-B573B83BEB1A} = {52926C2F-B072-4047-8461-376822DF0CC2}
	EndGlobalSection
	GlobalSection(ExtensibilityGlobals) = postSolution
		SolutionGuid = {9B8E8EAD-86A8-427C-88B8-8598B5D03386}
	EndGlobalSection
EndGlobal
