
Microsoft Visual Studio Solution File, Format Version 12.00
# Visual Studio 15
VisualStudioVersion = 15.0.27130.2010
MinimumVisualStudioVersion = 10.0.40219.1
Project("{202899A3-C531-4771-9089-0213D66978AE}") = "PuidMappingScopeScript", "PuidMappingScopeScript.scopeproj", "{A86BAE51-0B9C-4E1A-B988-5F3B42120080}"
EndProject
Global
	GlobalSection(SolutionConfigurationPlatforms) = preSolution
		Debug|Any CPU = Debug|Any CPU
		Debug|x64 = Debug|x64
		Debug|x86 = Debug|x86
		Release|Any CPU = Release|Any CPU
		Release|x64 = Release|x64
		Release|x86 = Release|x86
	EndGlobalSection
	GlobalSection(ProjectConfigurationPlatforms) = postSolution
		{A86BAE51-0B9C-4E1A-B988-5F3B42120080}.Debug|Any CPU.ActiveCfg = Debug|Any CPU
		{A86BAE51-0B9C-4E1A-B988-5F3B42120080}.Debug|Any CPU.Build.0 = Debug|Any CPU
		{A86BAE51-0B9C-4E1A-B988-5F3B42120080}.Debug|x64.ActiveCfg = Debug|x64
		{A86BAE51-0B9C-4E1A-B988-5F3B42120080}.Debug|x64.Build.0 = Debug|x64
		{A86BAE51-0B9C-4E1A-B988-5F3B42120080}.Debug|x86.ActiveCfg = Debug|x86
		{A86BAE51-0B9C-4E1A-B988-5F3B42120080}.Debug|x86.Build.0 = Debug|x86
		{A86BAE51-0B9C-4E1A-B988-5F3B42120080}.Release|Any CPU.ActiveCfg = Release|Any CPU
		{A86BAE51-0B9C-4E1A-B988-5F3B42120080}.Release|Any CPU.Build.0 = Release|Any CPU
		{A86BAE51-0B9C-4E1A-B988-5F3B42120080}.Release|x64.ActiveCfg = Release|x64
		{A86BAE51-0B9C-4E1A-B988-5F3B42120080}.Release|x64.Build.0 = Release|x64
		{A86BAE51-0B9C-4E1A-B988-5F3B42120080}.Release|x86.ActiveCfg = Release|x86
		{A86BAE51-0B9C-4E1A-B988-5F3B42120080}.Release|x86.Build.0 = Release|x86
	EndGlobalSection
	GlobalSection(SolutionProperties) = preSolution
		HideSolutionNode = FALSE
	EndGlobalSection
	GlobalSection(ExtensibilityGlobals) = postSolution
		SolutionGuid = {F38FB4DD-5590-450F-A5E7-1BC7F5903AC7}
	EndGlobalSection
EndGlobal
